// !$*UTF8*$!
{
	archiveVersion = 1;
	classes = {
	};
	objectVersion = 45;
	objects = {

/* Begin PBXBuildFile section */
		183407560FE5798100BE618B /* ColorSwap_Up_alpha.png in Resources */ = {isa = PBXBuildFile; fileRef = 183407500FE5798100BE618B /* ColorSwap_Up_alpha.png */; };
		183407570FE5798100BE618B /* ColorSwap_Right_alpha.png in Resources */ = {isa = PBXBuildFile; fileRef = 183407510FE5798100BE618B /* ColorSwap_Right_alpha.png */; };
		183407580FE5798100BE618B /* ColorSwap_Left_alpha.png in Resources */ = {isa = PBXBuildFile; fileRef = 183407520FE5798100BE618B /* ColorSwap_Left_alpha.png */; };
		183407590FE5798100BE618B /* ColorSwap_Down_alpha.png in Resources */ = {isa = PBXBuildFile; fileRef = 183407530FE5798100BE618B /* ColorSwap_Down_alpha.png */; };
		1834075A0FE5798100BE618B /* ColorRing_Counter_alpha.png in Resources */ = {isa = PBXBuildFile; fileRef = 183407540FE5798100BE618B /* ColorRing_Counter_alpha.png */; };
		1834075B0FE5798100BE618B /* ColorRing_Clockwise_alpha.png in Resources */ = {isa = PBXBuildFile; fileRef = 183407550FE5798100BE618B /* ColorRing_Clockwise_alpha.png */; };
		183407C60FE5A3A300BE618B /* ColoredSquare.m in Sources */ = {isa = PBXBuildFile; fileRef = 183407C50FE5A3A300BE618B /* ColoredSquare.m */; };
		183A10380FE0A62F002DCDB3 /* Blue.png in Resources */ = {isa = PBXBuildFile; fileRef = 183A10340FE0A62F002DCDB3 /* Blue.png */; };
		183A10390FE0A62F002DCDB3 /* Green.png in Resources */ = {isa = PBXBuildFile; fileRef = 183A10350FE0A62F002DCDB3 /* Green.png */; };
		183A103A0FE0A62F002DCDB3 /* Red.png in Resources */ = {isa = PBXBuildFile; fileRef = 183A10360FE0A62F002DCDB3 /* Red.png */; };
		183A103B0FE0A62F002DCDB3 /* Yellow.png in Resources */ = {isa = PBXBuildFile; fileRef = 183A10370FE0A62F002DCDB3 /* Yellow.png */; };
		1D3623260D0F684500981E51 /* CoolrswapAppDelegate.m in Sources */ = {isa = PBXBuildFile; fileRef = 1D3623250D0F684500981E51 /* CoolrswapAppDelegate.m */; };
		1D60589B0D05DD56006BFB54 /* main.m in Sources */ = {isa = PBXBuildFile; fileRef = 29B97316FDCFA39411CA2CEA /* main.m */; };
		1D60589F0D05DD5A006BFB54 /* Foundation.framework in Frameworks */ = {isa = PBXBuildFile; fileRef = 1D30AB110D05D00D00671497 /* Foundation.framework */; };
		1DF5F4E00D08C38300B7A737 /* UIKit.framework in Frameworks */ = {isa = PBXBuildFile; fileRef = 1DF5F4DF0D08C38300B7A737 /* UIKit.framework */; };
		288765A50DF7441C002DB57D /* CoreGraphics.framework in Frameworks */ = {isa = PBXBuildFile; fileRef = 288765A40DF7441C002DB57D /* CoreGraphics.framework */; };
		2899E5220DE3E06400AC0155 /* CoolrswapViewController.xib in Resources */ = {isa = PBXBuildFile; fileRef = 2899E5210DE3E06400AC0155 /* CoolrswapViewController.xib */; };
		28AD733F0D9D9553002E5188 /* MainWindow.xib in Resources */ = {isa = PBXBuildFile; fileRef = 28AD733E0D9D9553002E5188 /* MainWindow.xib */; };
		28D7ACF80DDB3853001CB0EB /* CoolrswapViewController.m in Sources */ = {isa = PBXBuildFile; fileRef = 28D7ACF70DDB3853001CB0EB /* CoolrswapViewController.m */; };
/* End PBXBuildFile section */

/* Begin PBXFileReference section */
		183407500FE5798100BE618B /* ColorSwap_Up_alpha.png */ = {isa = PBXFileReference; lastKnownFileType = image.png; name = ColorSwap_Up_alpha.png; path = images/Transforms/ColorSwap_Up_alpha.png; sourceTree = "<group>"; };
		183407510FE5798100BE618B /* ColorSwap_Right_alpha.png */ = {isa = PBXFileReference; lastKnownFileType = image.png; name = ColorSwap_Right_alpha.png; path = images/Transforms/ColorSwap_Right_alpha.png; sourceTree = "<group>"; };
		183407520FE5798100BE618B /* ColorSwap_Left_alpha.png */ = {isa = PBXFileReference; lastKnownFileType = image.png; name = ColorSwap_Left_alpha.png; path = images/Transforms/ColorSwap_Left_alpha.png; sourceTree = "<group>"; };
		183407530FE5798100BE618B /* ColorSwap_Down_alpha.png */ = {isa = PBXFileReference; lastKnownFileType = image.png; name = ColorSwap_Down_alpha.png; path = images/Transforms/ColorSwap_Down_alpha.png; sourceTree = "<group>"; };
		183407540FE5798100BE618B /* ColorRing_Counter_alpha.png */ = {isa = PBXFileReference; lastKnownFileType = image.png; name = ColorRing_Counter_alpha.png; path = images/Transforms/ColorRing_Counter_alpha.png; sourceTree = "<group>"; };
		183407550FE5798100BE618B /* ColorRing_Clockwise_alpha.png */ = {isa = PBXFileReference; lastKnownFileType = image.png; name = ColorRing_Clockwise_alpha.png; path = images/Transforms/ColorRing_Clockwise_alpha.png; sourceTree = "<group>"; };
		183407C40FE5A3A300BE618B /* ColoredSquare.h */ = {isa = PBXFileReference; fileEncoding = 4; lastKnownFileType = sourcecode.c.h; path = ColoredSquare.h; sourceTree = "<group>"; };
		183407C50FE5A3A300BE618B /* ColoredSquare.m */ = {isa = PBXFileReference; fileEncoding = 4; lastKnownFileType = sourcecode.c.objc; path = ColoredSquare.m; sourceTree = "<group>"; };
		183A10340FE0A62F002DCDB3 /* Blue.png */ = {isa = PBXFileReference; lastKnownFileType = image.png; name = Blue.png; path = images/Blue.png; sourceTree = "<group>"; };
		183A10350FE0A62F002DCDB3 /* Green.png */ = {isa = PBXFileReference; lastKnownFileType = image.png; name = Green.png; path = images/Green.png; sourceTree = "<group>"; };
		183A10360FE0A62F002DCDB3 /* Red.png */ = {isa = PBXFileReference; lastKnownFileType = image.png; name = Red.png; path = images/Red.png; sourceTree = "<group>"; };
		183A10370FE0A62F002DCDB3 /* Yellow.png */ = {isa = PBXFileReference; lastKnownFileType = image.png; name = Yellow.png; path = images/Yellow.png; sourceTree = "<group>"; };
		1D30AB110D05D00D00671497 /* Foundation.framework */ = {isa = PBXFileReference; lastKnownFileType = wrapper.framework; name = Foundation.framework; path = System/Library/Frameworks/Foundation.framework; sourceTree = SDKROOT; };
		1D3623240D0F684500981E51 /* CoolrswapAppDelegate.h */ = {isa = PBXFileReference; fileEncoding = 4; lastKnownFileType = sourcecode.c.h; path = CoolrswapAppDelegate.h; sourceTree = "<group>"; };
		1D3623250D0F684500981E51 /* CoolrswapAppDelegate.m */ = {isa = PBXFileReference; fileEncoding = 4; lastKnownFileType = sourcecode.c.objc; path = CoolrswapAppDelegate.m; sourceTree = "<group>"; };
		1D6058910D05DD3D006BFB54 /* Coolrswap.app */ = {isa = PBXFileReference; explicitFileType = wrapper.application; includeInIndex = 0; path = Coolrswap.app; sourceTree = BUILT_PRODUCTS_DIR; };
		1DF5F4DF0D08C38300B7A737 /* UIKit.framework */ = {isa = PBXFileReference; lastKnownFileType = wrapper.framework; name = UIKit.framework; path = System/Library/Frameworks/UIKit.framework; sourceTree = SDKROOT; };
		288765A40DF7441C002DB57D /* CoreGraphics.framework */ = {isa = PBXFileReference; lastKnownFileType = wrapper.framework; name = CoreGraphics.framework; path = System/Library/Frameworks/CoreGraphics.framework; sourceTree = SDKROOT; };
		2899E5210DE3E06400AC0155 /* CoolrswapViewController.xib */ = {isa = PBXFileReference; lastKnownFileType = file.xib; path = CoolrswapViewController.xib; sourceTree = "<group>"; };
		28AD733E0D9D9553002E5188 /* MainWindow.xib */ = {isa = PBXFileReference; lastKnownFileType = file.xib; path = MainWindow.xib; sourceTree = "<group>"; };
		28D7ACF60DDB3853001CB0EB /* CoolrswapViewController.h */ = {isa = PBXFileReference; fileEncoding = 4; lastKnownFileType = sourcecode.c.h; path = CoolrswapViewController.h; sourceTree = "<group>"; };
		28D7ACF70DDB3853001CB0EB /* CoolrswapViewController.m */ = {isa = PBXFileReference; fileEncoding = 4; lastKnownFileType = sourcecode.c.objc; path = CoolrswapViewController.m; sourceTree = "<group>"; };
		29B97316FDCFA39411CA2CEA /* main.m */ = {isa = PBXFileReference; fileEncoding = 4; lastKnownFileType = sourcecode.c.objc; path = main.m; sourceTree = "<group>"; };
		32CA4F630368D1EE00C91783 /* Coolrswap_Prefix.pch */ = {isa = PBXFileReference; fileEncoding = 4; lastKnownFileType = sourcecode.c.h; path = Coolrswap_Prefix.pch; sourceTree = "<group>"; };
		8D1107310486CEB800E47090 /* Coolrswap-Info.plist */ = {isa = PBXFileReference; fileEncoding = 4; lastKnownFileType = text.plist.xml; path = "Coolrswap-Info.plist"; plistStructureDefinitionIdentifier = "com.apple.xcode.plist.structure-definition.iphone.info-plist"; sourceTree = "<group>"; };
/* End PBXFileReference section */

/* Begin PBXFrameworksBuildPhase section */
		1D60588F0D05DD3D006BFB54 /* Frameworks */ = {
			isa = PBXFrameworksBuildPhase;
			buildActionMask = 2147483647;
			files = (
				1D60589F0D05DD5A006BFB54 /* Foundation.framework in Frameworks */,
				1DF5F4E00D08C38300B7A737 /* UIKit.framework in Frameworks */,
				288765A50DF7441C002DB57D /* CoreGraphics.framework in Frameworks */,
			);
			runOnlyForDeploymentPostprocessing = 0;
		};
/* End PBXFrameworksBuildPhase section */

/* Begin PBXGroup section */
		080E96DDFE201D6D7F000001 /* Classes */ = {
			isa = PBXGroup;
			children = (
				1D3623240D0F684500981E51 /* CoolrswapAppDelegate.h */,
				1D3623250D0F684500981E51 /* CoolrswapAppDelegate.m */,
				28D7ACF60DDB3853001CB0EB /* CoolrswapViewController.h */,
				28D7ACF70DDB3853001CB0EB /* CoolrswapViewController.m */,
				183407C40FE5A3A300BE618B /* ColoredSquare.h */,
				183407C50FE5A3A300BE618B /* ColoredSquare.m */,
			);
			path = Classes;
			sourceTree = "<group>";
		};
		1834074F0FE5796500BE618B /* Transforms */ = {
			isa = PBXGroup;
			children = (
				183407500FE5798100BE618B /* ColorSwap_Up_alpha.png */,
				183407510FE5798100BE618B /* ColorSwap_Right_alpha.png */,
				183407520FE5798100BE618B /* ColorSwap_Left_alpha.png */,
				183407530FE5798100BE618B /* ColorSwap_Down_alpha.png */,
				183407540FE5798100BE618B /* ColorRing_Counter_alpha.png */,
				183407550FE5798100BE618B /* ColorRing_Clockwise_alpha.png */,
			);
			name = Transforms;
			sourceTree = "<group>";
		};
		183A10330FE0A61E002DCDB3 /* images */ = {
			isa = PBXGroup;
			children = (
				1834074F0FE5796500BE618B /* Transforms */,
				183A10340FE0A62F002DCDB3 /* Blue.png */,
				183A10350FE0A62F002DCDB3 /* Green.png */,
				183A10360FE0A62F002DCDB3 /* Red.png */,
				183A10370FE0A62F002DCDB3 /* Yellow.png */,
			);
			name = images;
			sourceTree = "<group>";
		};
		19C28FACFE9D520D11CA2CBB /* Products */ = {
			isa = PBXGroup;
			children = (
				1D6058910D05DD3D006BFB54 /* Coolrswap.app */,
			);
			name = Products;
			sourceTree = "<group>";
		};
		29B97314FDCFA39411CA2CEA /* CustomTemplate */ = {
			isa = PBXGroup;
			children = (
				183A10330FE0A61E002DCDB3 /* images */,
				080E96DDFE201D6D7F000001 /* Classes */,
				29B97315FDCFA39411CA2CEA /* Other Sources */,
				29B97317FDCFA39411CA2CEA /* Resources */,
				29B97323FDCFA39411CA2CEA /* Frameworks */,
				19C28FACFE9D520D11CA2CBB /* Products */,
			);
			name = CustomTemplate;
			sourceTree = "<group>";
		};
		29B97315FDCFA39411CA2CEA /* Other Sources */ = {
			isa = PBXGroup;
			children = (
				32CA4F630368D1EE00C91783 /* Coolrswap_Prefix.pch */,
				29B97316FDCFA39411CA2CEA /* main.m */,
			);
			name = "Other Sources";
			sourceTree = "<group>";
		};
		29B97317FDCFA39411CA2CEA /* Resources */ = {
			isa = PBXGroup;
			children = (
				2899E5210DE3E06400AC0155 /* CoolrswapViewController.xib */,
				28AD733E0D9D9553002E5188 /* MainWindow.xib */,
				8D1107310486CEB800E47090 /* Coolrswap-Info.plist */,
			);
			name = Resources;
			sourceTree = "<group>";
		};
		29B97323FDCFA39411CA2CEA /* Frameworks */ = {
			isa = PBXGroup;
			children = (
				1DF5F4DF0D08C38300B7A737 /* UIKit.framework */,
				1D30AB110D05D00D00671497 /* Foundation.framework */,
				288765A40DF7441C002DB57D /* CoreGraphics.framework */,
			);
			name = Frameworks;
			sourceTree = "<group>";
		};
/* End PBXGroup section */

/* Begin PBXNativeTarget section */
		1D6058900D05DD3D006BFB54 /* Coolrswap */ = {
			isa = PBXNativeTarget;
			buildConfigurationList = 1D6058960D05DD3E006BFB54 /* Build configuration list for PBXNativeTarget "Coolrswap" */;
			buildPhases = (
				1D60588D0D05DD3D006BFB54 /* Resources */,
				1D60588E0D05DD3D006BFB54 /* Sources */,
				1D60588F0D05DD3D006BFB54 /* Frameworks */,
			);
			buildRules = (
			);
			dependencies = (
			);
			name = Coolrswap;
			productName = Coolrswap;
			productReference = 1D6058910D05DD3D006BFB54 /* Coolrswap.app */;
			productType = "com.apple.product-type.application";
		};
/* End PBXNativeTarget section */

/* Begin PBXProject section */
		29B97313FDCFA39411CA2CEA /* Project object */ = {
			isa = PBXProject;
			buildConfigurationList = C01FCF4E08A954540054247B /* Build configuration list for PBXProject "Coolrswap" */;
			compatibilityVersion = "Xcode 3.1";
			hasScannedForEncodings = 1;
			mainGroup = 29B97314FDCFA39411CA2CEA /* CustomTemplate */;
			projectDirPath = "";
			projectRoot = "";
			targets = (
				1D6058900D05DD3D006BFB54 /* Coolrswap */,
			);
		};
/* End PBXProject section */

/* Begin PBXResourcesBuildPhase section */
		1D60588D0D05DD3D006BFB54 /* Resources */ = {
			isa = PBXResourcesBuildPhase;
			buildActionMask = 2147483647;
			files = (
				28AD733F0D9D9553002E5188 /* MainWindow.xib in Resources */,
				2899E5220DE3E06400AC0155 /* CoolrswapViewController.xib in Resources */,
				183A10380FE0A62F002DCDB3 /* Blue.png in Resources */,
				183A10390FE0A62F002DCDB3 /* Green.png in Resources */,
				183A103A0FE0A62F002DCDB3 /* Red.png in Resources */,
				183A103B0FE0A62F002DCDB3 /* Yellow.png in Resources */,
				183407560FE5798100BE618B /* ColorSwap_Up_alpha.png in Resources */,
				183407570FE5798100BE618B /* ColorSwap_Right_alpha.png in Resources */,
				183407580FE5798100BE618B /* ColorSwap_Left_alpha.png in Resources */,
				183407590FE5798100BE618B /* ColorSwap_Down_alpha.png in Resources */,
				1834075A0FE5798100BE618B /* ColorRing_Counter_alpha.png in Resources */,
				1834075B0FE5798100BE618B /* ColorRing_Clockwise_alpha.png in Resources */,
			);
			runOnlyForDeploymentPostprocessing = 0;
		};
/* End PBXResourcesBuildPhase section */

/* Begin PBXSourcesBuildPhase section */
		1D60588E0D05DD3D006BFB54 /* Sources */ = {
			isa = PBXSourcesBuildPhase;
			buildActionMask = 2147483647;
			files = (
				1D60589B0D05DD56006BFB54 /* main.m in Sources */,
				1D3623260D0F684500981E51 /* CoolrswapAppDelegate.m in Sources */,
				28D7ACF80DDB3853001CB0EB /* CoolrswapViewController.m in Sources */,
				183407C60FE5A3A300BE618B /* ColoredSquare.m in Sources */,
			);
			runOnlyForDeploymentPostprocessing = 0;
		};
/* End PBXSourcesBuildPhase section */

/* Begin XCBuildConfiguration section */
		1D6058940D05DD3E006BFB54 /* Debug */ = {
			isa = XCBuildConfiguration;
			buildSettings = {
				ALWAYS_SEARCH_USER_PATHS = NO;
				COPY_PHASE_STRIP = NO;
				GCC_DYNAMIC_NO_PIC = NO;
				GCC_OPTIMIZATION_LEVEL = 0;
				GCC_PRECOMPILE_PREFIX_HEADER = YES;
				GCC_PREFIX_HEADER = Coolrswap_Prefix.pch;
				INFOPLIST_FILE = "Coolrswap-Info.plist";
				PRODUCT_NAME = Coolrswap;
			};
			name = Debug;
		};
		1D6058950D05DD3E006BFB54 /* Release */ = {
			isa = XCBuildConfiguration;
			buildSettings = {
				ALWAYS_SEARCH_USER_PATHS = NO;
				COPY_PHASE_STRIP = YES;
				GCC_PRECOMPILE_PREFIX_HEADER = YES;
				GCC_PREFIX_HEADER = Coolrswap_Prefix.pch;
				INFOPLIST_FILE = "Coolrswap-Info.plist";
				PRODUCT_NAME = Coolrswap;
			};
			name = Release;
		};
		C01FCF4F08A954540054247B /* Debug */ = {
			isa = XCBuildConfiguration;
			buildSettings = {
				ARCHS = "$(ARCHS_STANDARD_32_BIT)";
				"CODE_SIGN_IDENTITY[sdk=iphoneos*]" = "iPhone Developer";
				GCC_C_LANGUAGE_STANDARD = c99;
				GCC_WARN_ABOUT_RETURN_TYPE = YES;
				GCC_WARN_UNUSED_VARIABLE = YES;
				PREBINDING = NO;
				SDKROOT = iphoneos3.0;
			};
			name = Debug;
		};
		C01FCF5008A954540054247B /* Release */ = {
			isa = XCBuildConfiguration;
			buildSettings = {
				ARCHS = "$(ARCHS_STANDARD_32_BIT)";
				"CODE_SIGN_IDENTITY[sdk=iphoneos*]" = "iPhone Developer";
				GCC_C_LANGUAGE_STANDARD = c99;
				GCC_WARN_ABOUT_RETURN_TYPE = YES;
				GCC_WARN_UNUSED_VARIABLE = YES;
				PREBINDING = NO;
				SDKROOT = iphoneos3.0;
			};
			name = Release;
		};
/* End XCBuildConfiguration section */

/* Begin XCConfigurationList section */
		1D6058960D05DD3E006BFB54 /* Build configuration list for PBXNativeTarget "Coolrswap" */ = {
			isa = XCConfigurationList;
			buildConfigurations = (
				1D6058940D05DD3E006BFB54 /* Debug */,
				1D6058950D05DD3E006BFB54 /* Release */,
			);
			defaultConfigurationIsVisible = 0;
			defaultConfigurationName = Release;
		};
		C01FCF4E08A954540054247B /* Build configuration list for PBXProject "Coolrswap" */ = {
			isa = XCConfigurationList;
			buildConfigurations = (
				C01FCF4F08A954540054247B /* Debug */,
				C01FCF5008A954540054247B /* Release */,
			);
			defaultConfigurationIsVisible = 0;
			defaultConfigurationName = Release;
		};
/* End XCConfigurationList section */
	};
	rootObject = 29B97313FDCFA39411CA2CEA /* Project object */;
}
